
Microsoft Visual Studio Solution File, Format Version 12.00
# Visual Studio Version 17
VisualStudioVersion = 17.4.33122.133
MinimumVisualStudioVersion = 10.0.40219.1
Project("{FAE04EC0-301F-11D3-BF4B-00C04F79EFBC}") = "CRUDMysql", "CRUDMysql\CRUDMysql.csproj", "{330D039A-5C0D-4F4B-B064-D933FAF082BB}"
EndProject
Global
	GlobalSection(SolutionConfigurationPlatforms) = preSolution
		Debug|Any CPU = Debug|Any CPU
		Release|Any CPU = Release|Any CPU
	EndGlobalSection
	GlobalSection(ProjectConfigurationPlatforms) = postSolution
		{330D039A-5C0D-4F4B-B064-D933FAF082BB}.Debug|Any CPU.ActiveCfg = Debug|Any CPU
		{330D039A-5C0D-4F4B-B064-D933FAF082BB}.Debug|Any CPU.Build.0 = Debug|Any CPU
		{330D039A-5C0D-4F4B-B064-D933FAF082BB}.Release|Any CPU.ActiveCfg = Release|Any CPU
		{330D039A-5C0D-4F4B-B064-D933FAF082BB}.Release|Any CPU.Build.0 = Release|Any CPU
	EndGlobalSection
	GlobalSection(SolutionProperties) = preSolution
		HideSolutionNode = FALSE
	EndGlobalSection
	GlobalSection(ExtensibilityGlobals) = postSolution
		SolutionGuid = {3FB23458-9CAF-44BD-B4D0-05D82E432E42}
	EndGlobalSection
EndGlobal
